github.com/go-gcfg/gcfg v1.2.3 h1:8X/LtK7rOSSGqvh4gHqR9wpWOIsq3tGCH2t0R2mgEUU=
github.com/go-gcfg/gcfg v1.2.3/go.mod h1:D+YdKk714qkU4V0pntcxhDsrHgQDmI91IEbXXqwRZqA=
github.com/jeanphorn/log4go v0.0.0-20190526082429-7dbb8deb9468 h1:1C4yN/psU4rpTqmuN8ZU7uzMyIvM8m4m6xgy6W0e/5k=
github.com/jeanphorn/log4go v0.0.0-20190526082429-7dbb8deb9468/go.mod h1:VRGsDaBwSjfG6KG3PtW5uoGc+iqzEG3jEdo2b1ZwSJc=
github.com/toolkits/file v0.0.0-20160325033739-a5b3c5147e07 h1:d/VUIMNTk65Xz69htmRPNfjypq2uNRqVsymcXQu6kKk=
github.com/toolkits/file v0.0.0-20160325033739-a5b3c5147e07/go.mod h1:FbXpUxsx5in7z/OrWFDdhYetOy3/VGIJsVHN9G7RUPA=
golang.org/x/net v0.21.0 h1:AQyQV4dYCvJ7vGmJyKki9+PBdyvhkSd8EIx/qb0AYv4=
golang.org/x/net v0.21.0/go.mod h1:bIjVDfnllIU7BJ2DNgfnXvpSvtn8VRwhlsaeUTyUS44=
golang.org/x/text v0.14.0 h1:ScX5w1eTa3QqT8oi6+ziP7dTV1S2+ALU0bI+0zXKWiQ=
golang.org/x/text v0.14.0/go.mod h1:18ZOQIKpY8NJVqYksKHtTdi31H5itFRjB5/qKTNYzSU=
gopkg.in/gcfg.v1 v1.2.3 h1:m8OOJ4ccYHnx2f4gQwpno8nAX5OGOh7RLaaz0pj3Ogs=
gopkg.in/gcfg.v1 v1.2.3/go.mod h1:yesOnuUOFQAhST5vPY4nbZsb/huCgGGXlipJsBn0b3o=
gopkg.in/warnings.v0 v0.1.2 h1:wFXVbFY8DY5/xOe1ECiWdKCzZlxgshcYVNkBHstARME=
gopkg.in/warnings.v0 v0.1.2/go.mod h1:jksf8JmL6Qr/oQM2OXTHunEvvTAsrWBLb6OOjuVWRNI=
